// !$*UTF8*$!
{
	archiveVersion = 1;
	classes = {
	};
	objectVersion = 46;
	objects = {

/* Begin PBXBuildFile section */
		27162E4119B46A5900E301DE /* AVFoundation.framework in Frameworks */ = {isa = PBXBuildFile; fileRef = 27162E4019B46A5900E301DE /* AVFoundation.framework */; };
		27162E4C19B4716000E301DE /* GG.m4a in Resources */ = {isa = PBXBuildFile; fileRef = 27162E4B19B46F3700E301DE /* GG.m4a */; };
		27162E4D19B4716400E301DE /* empty.m4a in Resources */ = {isa = PBXBuildFile; fileRef = 27162E4A19B46B0200E301DE /* empty.m4a */; };
		272EB0B919B477A5008CCD11 /* OptionsViewController.swift in Sources */ = {isa = PBXBuildFile; fileRef = 272EB0B819B477A5008CCD11 /* OptionsViewController.swift */; };
		278EEB3019B45FC20032795A /* Main.storyboard in Resources */ = {isa = PBXBuildFile; fileRef = 278EEB2F19B45FC20032795A /* Main.storyboard */; };
		27E7210E19B1EB7A00F645D1 /* AppDelegate.swift in Sources */ = {isa = PBXBuildFile; fileRef = 27E7210D19B1EB7A00F645D1 /* AppDelegate.swift */; };
		27E7211119B1EB7A00F645D1 /* GG.xcdatamodeld in Sources */ = {isa = PBXBuildFile; fileRef = 27E7210F19B1EB7A00F645D1 /* GG.xcdatamodeld */; };
		27E7211319B1EB7A00F645D1 /* ViewController.swift in Sources */ = {isa = PBXBuildFile; fileRef = 27E7211219B1EB7A00F645D1 /* ViewController.swift */; };
		27E7211819B1EB7A00F645D1 /* Images.xcassets in Resources */ = {isa = PBXBuildFile; fileRef = 27E7211719B1EB7A00F645D1 /* Images.xcassets */; };
		27E7212419B1EB7B00F645D1 /* GGTests.swift in Sources */ = {isa = PBXBuildFile; fileRef = 27E7212319B1EB7B00F645D1 /* GGTests.swift */; };
/* End PBXBuildFile section */

/* Begin PBXContainerItemProxy section */
		27E7211E19B1EB7B00F645D1 /* PBXContainerItemProxy */ = {
			isa = PBXContainerItemProxy;
			containerPortal = 27E7210019B1EB7A00F645D1 /* Project object */;
			proxyType = 1;
			remoteGlobalIDString = 27E7210719B1EB7A00F645D1;
			remoteInfo = GG;
		};
/* End PBXContainerItemProxy section */

/* Begin PBXFileReference section */
		27162E4019B46A5900E301DE /* AVFoundation.framework */ = {isa = PBXFileReference; lastKnownFileType = wrapper.framework; name = AVFoundation.framework; path = System/Library/Frameworks/AVFoundation.framework; sourceTree = SDKROOT; };
		27162E4219B46A6200E301DE /* AudioToolbox.framework */ = {isa = PBXFileReference; lastKnownFileType = wrapper.framework; name = AudioToolbox.framework; path = System/Library/Frameworks/AudioToolbox.framework; sourceTree = SDKROOT; };
		27162E4319B46A6200E301DE /* AudioUnit.framework */ = {isa = PBXFileReference; lastKnownFileType = wrapper.framework; name = AudioUnit.framework; path = System/Library/Frameworks/AudioUnit.framework; sourceTree = SDKROOT; };
		27162E4419B46A6200E301DE /* CoreAudio.framework */ = {isa = PBXFileReference; lastKnownFileType = wrapper.framework; name = CoreAudio.framework; path = System/Library/Frameworks/CoreAudio.framework; sourceTree = SDKROOT; };
		27162E4519B46A6200E301DE /* CoreAudioKit.framework */ = {isa = PBXFileReference; lastKnownFileType = wrapper.framework; name = CoreAudioKit.framework; path = System/Library/Frameworks/CoreAudioKit.framework; sourceTree = SDKROOT; };
		27162E4A19B46B0200E301DE /* empty.m4a */ = {isa = PBXFileReference; lastKnownFileType = file; path = empty.m4a; sourceTree = "<group>"; };
		27162E4B19B46F3700E301DE /* GG.m4a */ = {isa = PBXFileReference; lastKnownFileType = file; path = GG.m4a; sourceTree = "<group>"; };
		272EB0B819B477A5008CCD11 /* OptionsViewController.swift */ = {isa = PBXFileReference; fileEncoding = 4; lastKnownFileType = sourcecode.swift; path = OptionsViewController.swift; sourceTree = "<group>"; };
		278EEB2F19B45FC20032795A /* Main.storyboard */ = {isa = PBXFileReference; fileEncoding = 4; lastKnownFileType = file.storyboard; path = Main.storyboard; sourceTree = "<group>"; };
		27E7210819B1EB7A00F645D1 /* GG.app */ = {isa = PBXFileReference; explicitFileType = wrapper.application; includeInIndex = 0; path = GG.app; sourceTree = BUILT_PRODUCTS_DIR; };
		27E7210C19B1EB7A00F645D1 /* Info.plist */ = {isa = PBXFileReference; lastKnownFileType = text.plist.xml; path = Info.plist; sourceTree = "<group>"; };
		27E7210D19B1EB7A00F645D1 /* AppDelegate.swift */ = {isa = PBXFileReference; lastKnownFileType = sourcecode.swift; path = AppDelegate.swift; sourceTree = "<group>"; };
		27E7211019B1EB7A00F645D1 /* GG.xcdatamodel */ = {isa = PBXFileReference; lastKnownFileType = wrapper.xcdatamodel; path = GG.xcdatamodel; sourceTree = "<group>"; };
		27E7211219B1EB7A00F645D1 /* ViewController.swift */ = {isa = PBXFileReference; lastKnownFileType = sourcecode.swift; path = ViewController.swift; sourceTree = "<group>"; };
		27E7211719B1EB7A00F645D1 /* Images.xcassets */ = {isa = PBXFileReference; lastKnownFileType = folder.assetcatalog; path = Images.xcassets; sourceTree = "<group>"; };
		27E7211D19B1EB7B00F645D1 /* GGTests.xctest */ = {isa = PBXFileReference; explicitFileType = wrapper.cfbundle; includeInIndex = 0; path = GGTests.xctest; sourceTree = BUILT_PRODUCTS_DIR; };
		27E7212219B1EB7B00F645D1 /* Info.plist */ = {isa = PBXFileReference; lastKnownFileType = text.plist.xml; path = Info.plist; sourceTree = "<group>"; };
		27E7212319B1EB7B00F645D1 /* GGTests.swift */ = {isa = PBXFileReference; lastKnownFileType = sourcecode.swift; path = GGTests.swift; sourceTree = "<group>"; };
/* End PBXFileReference section */

/* Begin PBXFrameworksBuildPhase section */
		27E7210519B1EB7A00F645D1 /* Frameworks */ = {
			isa = PBXFrameworksBuildPhase;
			buildActionMask = 2147483647;
			files = (
				27162E4119B46A5900E301DE /* AVFoundation.framework in Frameworks */,
			);
			runOnlyForDeploymentPostprocessing = 0;
		};
		27E7211A19B1EB7B00F645D1 /* Frameworks */ = {
			isa = PBXFrameworksBuildPhase;
			buildActionMask = 2147483647;
			files = (
			);
			runOnlyForDeploymentPostprocessing = 0;
		};
/* End PBXFrameworksBuildPhase section */

/* Begin PBXGroup section */
		27E720FF19B1EB7A00F645D1 = {
			isa = PBXGroup;
			children = (
				27162E4219B46A6200E301DE /* AudioToolbox.framework */,
				27162E4319B46A6200E301DE /* AudioUnit.framework */,
				27162E4419B46A6200E301DE /* CoreAudio.framework */,
				27162E4519B46A6200E301DE /* CoreAudioKit.framework */,
				27162E4019B46A5900E301DE /* AVFoundation.framework */,
				27E7210A19B1EB7A00F645D1 /* GG */,
				27E7212019B1EB7B00F645D1 /* GGTests */,
				27E7210919B1EB7A00F645D1 /* Products */,
			);
			sourceTree = "<group>";
		};
		27E7210919B1EB7A00F645D1 /* Products */ = {
			isa = PBXGroup;
			children = (
				27E7210819B1EB7A00F645D1 /* GG.app */,
				27E7211D19B1EB7B00F645D1 /* GGTests.xctest */,
			);
			name = Products;
			sourceTree = "<group>";
		};
		27E7210A19B1EB7A00F645D1 /* GG */ = {
			isa = PBXGroup;
			children = (
				27E7210D19B1EB7A00F645D1 /* AppDelegate.swift */,
				27E7211219B1EB7A00F645D1 /* ViewController.swift */,
				272EB0B819B477A5008CCD11 /* OptionsViewController.swift */,
				27E7211719B1EB7A00F645D1 /* Images.xcassets */,
				27E7210F19B1EB7A00F645D1 /* GG.xcdatamodeld */,
				27E7210B19B1EB7A00F645D1 /* Supporting Files */,
				278EEB2F19B45FC20032795A /* Main.storyboard */,
			);
			path = GG;
			sourceTree = "<group>";
		};
		27E7210B19B1EB7A00F645D1 /* Supporting Files */ = {
			isa = PBXGroup;
			children = (
				27162E4B19B46F3700E301DE /* GG.m4a */,
				27162E4A19B46B0200E301DE /* empty.m4a */,
				27E7210C19B1EB7A00F645D1 /* Info.plist */,
			);
			name = "Supporting Files";
			sourceTree = "<group>";
		};
		27E7212019B1EB7B00F645D1 /* GGTests */ = {
			isa = PBXGroup;
			children = (
				27E7212319B1EB7B00F645D1 /* GGTests.swift */,
				27E7212119B1EB7B00F645D1 /* Supporting Files */,
			);
			path = GGTests;
			sourceTree = "<group>";
		};
		27E7212119B1EB7B00F645D1 /* Supporting Files */ = {
			isa = PBXGroup;
			children = (
				27E7212219B1EB7B00F645D1 /* Info.plist */,
			);
			name = "Supporting Files";
			sourceTree = "<group>";
		};
/* End PBXGroup section */

/* Begin PBXNativeTarget section */
		27E7210719B1EB7A00F645D1 /* GG */ = {
			isa = PBXNativeTarget;
			buildConfigurationList = 27E7212719B1EB7B00F645D1 /* Build configuration list for PBXNativeTarget "GG" */;
			buildPhases = (
				27E7210419B1EB7A00F645D1 /* Sources */,
				27E7210519B1EB7A00F645D1 /* Frameworks */,
				27E7210619B1EB7A00F645D1 /* Resources */,
			);
			buildRules = (
			);
			dependencies = (
			);
			name = GG;
			productName = GG;
			productReference = 27E7210819B1EB7A00F645D1 /* GG.app */;
			productType = "com.apple.product-type.application";
		};
		27E7211C19B1EB7B00F645D1 /* GGTests */ = {
			isa = PBXNativeTarget;
			buildConfigurationList = 27E7212A19B1EB7B00F645D1 /* Build configuration list for PBXNativeTarget "GGTests" */;
			buildPhases = (
				27E7211919B1EB7B00F645D1 /* Sources */,
				27E7211A19B1EB7B00F645D1 /* Frameworks */,
				27E7211B19B1EB7B00F645D1 /* Resources */,
			);
			buildRules = (
			);
			dependencies = (
				27E7211F19B1EB7B00F645D1 /* PBXTargetDependency */,
			);
			name = GGTests;
			productName = GGTests;
			productReference = 27E7211D19B1EB7B00F645D1 /* GGTests.xctest */;
			productType = "com.apple.product-type.bundle.unit-test";
		};
/* End PBXNativeTarget section */

/* Begin PBXProject section */
		27E7210019B1EB7A00F645D1 /* Project object */ = {
			isa = PBXProject;
			attributes = {
				LastUpgradeCheck = 0600;
				ORGANIZATIONNAME = "Murgia Antonio";
				TargetAttributes = {
					27E7210719B1EB7A00F645D1 = {
						CreatedOnToolsVersion = 6.0;
					};
					27E7211C19B1EB7B00F645D1 = {
						CreatedOnToolsVersion = 6.0;
						TestTargetID = 27E7210719B1EB7A00F645D1;
					};
				};
			};
			buildConfigurationList = 27E7210319B1EB7A00F645D1 /* Build configuration list for PBXProject "GG" */;
			compatibilityVersion = "Xcode 3.2";
			developmentRegion = English;
			hasScannedForEncodings = 0;
			knownRegions = (
				en,
				Base,
			);
			mainGroup = 27E720FF19B1EB7A00F645D1;
			productRefGroup = 27E7210919B1EB7A00F645D1 /* Products */;
			projectDirPath = "";
			projectRoot = "";
			targets = (
				27E7210719B1EB7A00F645D1 /* GG */,
				27E7211C19B1EB7B00F645D1 /* GGTests */,
			);
		};
/* End PBXProject section */

/* Begin PBXResourcesBuildPhase section */
		27E7210619B1EB7A00F645D1 /* Resources */ = {
			isa = PBXResourcesBuildPhase;
			buildActionMask = 2147483647;
			files = (
				27162E4D19B4716400E301DE /* empty.m4a in Resources */,
				27162E4C19B4716000E301DE /* GG.m4a in Resources */,
				27E7211819B1EB7A00F645D1 /* Images.xcassets in Resources */,
				278EEB3019B45FC20032795A /* Main.storyboard in Resources */,
			);
			runOnlyForDeploymentPostprocessing = 0;
		};
		27E7211B19B1EB7B00F645D1 /* Resources */ = {
			isa = PBXResourcesBuildPhase;
			buildActionMask = 2147483647;
			files = (
			);
			runOnlyForDeploymentPostprocessing = 0;
		};
/* End PBXResourcesBuildPhase section */

/* Begin PBXSourcesBuildPhase section */
		27E7210419B1EB7A00F645D1 /* Sources */ = {
			isa = PBXSourcesBuildPhase;
			buildActionMask = 2147483647;
			files = (
				27E7211319B1EB7A00F645D1 /* ViewController.swift in Sources */,
				272EB0B919B477A5008CCD11 /* OptionsViewController.swift in Sources */,
				27E7210E19B1EB7A00F645D1 /* AppDelegate.swift in Sources */,
				27E7211119B1EB7A00F645D1 /* GG.xcdatamodeld in Sources */,
			);
			runOnlyForDeploymentPostprocessing = 0;
		};
		27E7211919B1EB7B00F645D1 /* Sources */ = {
			isa = PBXSourcesBuildPhase;
			buildActionMask = 2147483647;
			files = (
				27E7212419B1EB7B00F645D1 /* GGTests.swift in Sources */,
			);
			runOnlyForDeploymentPostprocessing = 0;
		};
/* End PBXSourcesBuildPhase section */

/* Begin PBXTargetDependency section */
		27E7211F19B1EB7B00F645D1 /* PBXTargetDependency */ = {
			isa = PBXTargetDependency;
			target = 27E7210719B1EB7A00F645D1 /* GG */;
			targetProxy = 27E7211E19B1EB7B00F645D1 /* PBXContainerItemProxy */;
		};
/* End PBXTargetDependency section */

/* Begin XCBuildConfiguration section */
		27E7212519B1EB7B00F645D1 /* Debug */ = {
			isa = XCBuildConfiguration;
			buildSettings = {
				ALWAYS_SEARCH_USER_PATHS = NO;
				CLANG_CXX_LANGUAGE_STANDARD = "gnu++0x";
				CLANG_CXX_LIBRARY = "libc++";
				CLANG_ENABLE_MODULES = YES;
				CLANG_ENABLE_OBJC_ARC = YES;
				CLANG_WARN_BOOL_CONVERSION = YES;
				CLANG_WARN_CONSTANT_CONVERSION = YES;
				CLANG_WARN_DIRECT_OBJC_ISA_USAGE = YES_ERROR;
				CLANG_WARN_EMPTY_BODY = YES;
				CLANG_WARN_ENUM_CONVERSION = YES;
				CLANG_WARN_INT_CONVERSION = YES;
				CLANG_WARN_OBJC_ROOT_CLASS = YES_ERROR;
				CLANG_WARN_UNREACHABLE_CODE = YES;
				CLANG_WARN__DUPLICATE_METHOD_MATCH = YES;
				"CODE_SIGN_IDENTITY[sdk=iphoneos*]" = "iPhone Developer";
				COPY_PHASE_STRIP = NO;
				ENABLE_STRICT_OBJC_MSGSEND = YES;
				GCC_C_LANGUAGE_STANDARD = gnu99;
				GCC_DYNAMIC_NO_PIC = NO;
				GCC_OPTIMIZATION_LEVEL = 0;
				GCC_PREPROCESSOR_DEFINITIONS = (
					"DEBUG=1",
					"$(inherited)",
				);
				GCC_SYMBOLS_PRIVATE_EXTERN = NO;
				GCC_WARN_64_TO_32_BIT_CONVERSION = YES;
				GCC_WARN_ABOUT_RETURN_TYPE = YES_ERROR;
				GCC_WARN_UNDECLARED_SELECTOR = YES;
				GCC_WARN_UNINITIALIZED_AUTOS = YES_AGGRESSIVE;
				GCC_WARN_UNUSED_FUNCTION = YES;
				GCC_WARN_UNUSED_VARIABLE = YES;
				IPHONEOS_DEPLOYMENT_TARGET = 8.0;
				MTL_ENABLE_DEBUG_INFO = YES;
				ONLY_ACTIVE_ARCH = YES;
				SDKROOT = iphoneos;
				SWIFT_OPTIMIZATION_LEVEL = "-Onone";
				TARGETED_DEVICE_FAMILY = "1,2";
			};
			name = Debug;
		};
		27E7212619B1EB7B00F645D1 /* Release */ = {
			isa = XCBuildConfiguration;
			buildSettings = {
				ALWAYS_SEARCH_USER_PATHS = NO;
				CLANG_CXX_LANGUAGE_STANDARD = "gnu++0x";
				CLANG_CXX_LIBRARY = "libc++";
				CLANG_ENABLE_MODULES = YES;
				CLANG_ENABLE_OBJC_ARC = YES;
				CLANG_WARN_BOOL_CONVERSION = YES;
				CLANG_WARN_CONSTANT_CONVERSION = YES;
				CLANG_WARN_DIRECT_OBJC_ISA_USAGE = YES_ERROR;
				CLANG_WARN_EMPTY_BODY = YES;
				CLANG_WARN_ENUM_CONVERSION = YES;
				CLANG_WARN_INT_CONVERSION = YES;
				CLANG_WARN_OBJC_ROOT_CLASS = YES_ERROR;
				CLANG_WARN_UNREACHABLE_CODE = YES;
				CLANG_WARN__DUPLICATE_METHOD_MATCH = YES;
				"CODE_SIGN_IDENTITY[sdk=iphoneos*]" = "iPhone Developer";
				COPY_PHASE_STRIP = YES;
				ENABLE_NS_ASSERTIONS = NO;
				ENABLE_STRICT_OBJC_MSGSEND = YES;
				GCC_C_LANGUAGE_STANDARD = gnu99;
				GCC_WARN_64_TO_32_BIT_CONVERSION = YES;
				GCC_WARN_ABOUT_RETURN_TYPE = YES_ERROR;
				GCC_WARN_UNDECLARED_SELECTOR = YES;
				GCC_WARN_UNINITIALIZED_AUTOS = YES_AGGRESSIVE;
				GCC_WARN_UNUSED_FUNCTION = YES;
				GCC_WARN_UNUSED_VARIABLE = YES;
				IPHONEOS_DEPLOYMENT_TARGET = 8.0;
				MTL_ENABLE_DEBUG_INFO = NO;
				SDKROOT = iphoneos;
				TARGETED_DEVICE_FAMILY = "1,2";
				VALIDATE_PRODUCT = YES;
			};
			name = Release;
		};
		27E7212819B1EB7B00F645D1 /* Debug */ = {
			isa = XCBuildConfiguration;
			buildSettings = {
				ASSETCATALOG_COMPILER_APPICON_NAME = AppIcon;
				ASSETCATALOG_COMPILER_LAUNCHIMAGE_NAME = LaunchImage;
				INFOPLIST_FILE = GG/Info.plist;
				IPHONEOS_DEPLOYMENT_TARGET = 7.0;
				LD_RUNPATH_SEARCH_PATHS = "$(inherited) @executable_path/Frameworks";
				PRODUCT_NAME = "$(TARGET_NAME)";
			};
			name = Debug;
		};
		27E7212919B1EB7B00F645D1 /* Release */ = {
			isa = XCBuildConfiguration;
			buildSettings = {
				ASSETCATALOG_COMPILER_APPICON_NAME = AppIcon;
				ASSETCATALOG_COMPILER_LAUNCHIMAGE_NAME = LaunchImage;
				INFOPLIST_FILE = GG/Info.plist;
				IPHONEOS_DEPLOYMENT_TARGET = 7.0;
				LD_RUNPATH_SEARCH_PATHS = "$(inherited) @executable_path/Frameworks";
				PRODUCT_NAME = "$(TARGET_NAME)";
			};
			name = Release;
		};
		27E7212B19B1EB7B00F645D1 /* Debug */ = {
			isa = XCBuildConfiguration;
			buildSettings = {
				BUNDLE_LOADER = "$(TEST_HOST)";
				FRAMEWORK_SEARCH_PATHS = (
					"$(SDKROOT)/Developer/Library/Frameworks",
					"$(inherited)",
				);
				GCC_PREPROCESSOR_DEFINITIONS = (
					"DEBUG=1",
					"$(inherited)",
				);
				INFOPLIST_FILE = GGTests/Info.plist;
				LD_RUNPATH_SEARCH_PATHS = "$(inherited) @executable_path/Frameworks @loader_path/Frameworks";
				PRODUCT_NAME = "$(TARGET_NAME)";
				TEST_HOST = "$(BUILT_PRODUCTS_DIR)/GG.app/GG";
			};
			name = Debug;
		};
		27E7212C19B1EB7B00F645D1 /* Release */ = {
			isa = XCBuildConfiguration;
			buildSettings = {
				BUNDLE_LOADER = "$(TEST_HOST)";
				FRAMEWORK_SEARCH_PATHS = (
					"$(SDKROOT)/Developer/Library/Frameworks",
					"$(inherited)",
				);
				INFOPLIST_FILE = GGTests/Info.plist;
				LD_RUNPATH_SEARCH_PATHS = "$(inherited) @executable_path/Frameworks @loader_path/Frameworks";
				PRODUCT_NAME = "$(TARGET_NAME)";
				TEST_HOST = "$(BUILT_PRODUCTS_DIR)/GG.app/GG";
			};
			name = Release;
		};
/* End XCBuildConfiguration section */

/* Begin XCConfigurationList section */
		27E7210319B1EB7A00F645D1 /* Build configuration list for PBXProject "GG" */ = {
			isa = XCConfigurationList;
			buildConfigurations = (
				27E7212519B1EB7B00F645D1 /* Debug */,
				27E7212619B1EB7B00F645D1 /* Release */,
			);
			defaultConfigurationIsVisible = 0;
			defaultConfigurationName = Release;
		};
		27E7212719B1EB7B00F645D1 /* Build configuration list for PBXNativeTarget "GG" */ = {
			isa = XCConfigurationList;
			buildConfigurations = (
				27E7212819B1EB7B00F645D1 /* Debug */,
				27E7212919B1EB7B00F645D1 /* Release */,
			);
			defaultConfigurationIsVisible = 0;
			defaultConfigurationName = Release;
		};
		27E7212A19B1EB7B00F645D1 /* Build configuration list for PBXNativeTarget "GGTests" */ = {
			isa = XCConfigurationList;
			buildConfigurations = (
				27E7212B19B1EB7B00F645D1 /* Debug */,
				27E7212C19B1EB7B00F645D1 /* Release */,
			);
			defaultConfigurationIsVisible = 0;
			defaultConfigurationName = Release;
		};
/* End XCConfigurationList section */

/* Begin XCVersionGroup section */
		27E7210F19B1EB7A00F645D1 /* GG.xcdatamodeld */ = {
			isa = XCVersionGroup;
			children = (
				27E7211019B1EB7A00F645D1 /* GG.xcdatamodel */,
			);
			currentVersion = 27E7211019B1EB7A00F645D1 /* GG.xcdatamodel */;
			path = GG.xcdatamodeld;
			sourceTree = "<group>";
			versionGroupType = wrapper.xcdatamodel;
		};
/* End XCVersionGroup section */
	};
	rootObject = 27E7210019B1EB7A00F645D1 /* Project object */;
}
